
Microsoft Visual Studio Solution File, Format Version 12.00
# Visual Studio Version 17
VisualStudioVersion = 17.0.31903.59
MinimumVisualStudioVersion = 10.0.40219.1
Project("{9A19103F-16F7-4668-BE54-9A1E7A4F7556}") = "Backend.Notifications.Api", "Backend.Notifications.Api\Backend.Notifications.Api.csproj", "{6F2767C3-3181-46F3-936A-315473C8AF34}"
EndProject
Project("{9A19103F-16F7-4668-BE54-9A1E7A4F7556}") = "Backend.Shared", "..\shared-libs\Backend.Shared\Backend.Shared.csproj", "{AA313DF7-0ABF-4338-AD18-8FBD98D9F4F9}"
EndProject
Global
	GlobalSection(SolutionConfigurationPlatforms) = preSolution
		Debug|Any CPU = Debug|Any CPU
		Release|Any CPU = Release|Any CPU
	EndGlobalSection
	GlobalSection(ProjectConfigurationPlatforms) = postSolution
		{6F2767C3-3181-46F3-936A-315473C8AF34}.Debug|Any CPU.ActiveCfg = Debug|Any CPU
		{6F2767C3-3181-46F3-936A-315473C8AF34}.Debug|Any CPU.Build.0 = Debug|Any CPU
		{6F2767C3-3181-46F3-936A-315473C8AF34}.Release|Any CPU.ActiveCfg = Release|Any CPU
		{6F2767C3-3181-46F3-936A-315473C8AF34}.Release|Any CPU.Build.0 = Release|Any CPU
		{AA313DF7-0ABF-4338-AD18-8FBD98D9F4F9}.Debug|Any CPU.ActiveCfg = Debug|Any CPU
		{AA313DF7-0ABF-4338-AD18-8FBD98D9F4F9}.Debug|Any CPU.Build.0 = Debug|Any CPU
		{AA313DF7-0ABF-4338-AD18-8FBD98D9F4F9}.Release|Any CPU.ActiveCfg = Release|Any CPU
		{AA313DF7-0ABF-4338-AD18-8FBD98D9F4F9}.Release|Any CPU.Build.0 = Release|Any CPU
	EndGlobalSection
	GlobalSection(SolutionProperties) = preSolution
		HideSolutionNode = FALSE
	EndGlobalSection
	GlobalSection(ExtensibilityGlobals) = postSolution
		SolutionGuid = {6808C6DB-2DA3-4806-B020-711D95470AA7}
	EndGlobalSection
EndGlobal
